{
  "name": "3d-constructor",
  "version": "1.0.0",
  "lockfileVersion": 3,
  "requires": true,
  "packages": {
    "": {
      "name": "3d-constructor",
      "version": "1.0.0",
      "dependencies": {
        "@capacitor/android": "^5.7.0",
        "@capacitor/core": "^5.7.0",
        "@capacitor/filesystem": "^5.1.6",
        "@capacitor/network": "^5.1.6"
      },
      "devDependencies": {
        "@capacitor/cli": "^5.7.0"
      }
    },
    "node_modules/@capacitor/android": {
      "version": "5.7.0",
      "resolved": "https://registry.npmjs.org/@capacitor/android/-/android-5.7.0.tgz",
      "integrity": "sha512-s9T8n1FwDPuXASdERaoI8W1TBO0/m9yDOPk2/uuIH3v7GikPufj/2j/7y6iBxal2uV0BwLrFUS41NkH7P9DNkA==",
      "peerDependencies": {
        "@capacitor/core": "^5.7.0"
      }
    },
    "@capacitor/cli": {
      "version": "5.7.0",
      "resolved": "https://registry.npmjs.org/@capacitor/cli/-/cli-5.7.0.tgz",
      "integrity": "sha512-g7/2K0vqQOq0T5BnvCIfrRMZRJqLf8dmM5vLIyMpKf+HG6/ZPJdwL+u2LttmUxazJMSn1B+8z2eO3WfdRrK1aQ==",
      "dev": true,
      "requires": {
        "@ionic/cli-framework-output": "^2.2.5",
        "@ionic/utils-fs": "^3.1.5",
        "@ionic/utils-subprocess": "^2.1.11",
        "@ionic/utils-terminal": "^2.3.3",
        "commander": "^9.3.0",
        "debug": "^4.3.4",
        "env-paths": "^2.2.0",
        "kleur": "^4.1.4",
        "native-run": "^2.0.0",
        "open": "^8.4.0",
        "superagent": "^8.0.9",
        "tar": "^6.1.11",
        "tslib": "^2.4.0",
        "xml2js": "^0.5.0"
      }
    },
    "@capacitor/core": {
      "version": "5.7.0",
      "resolved": "https://registry.npmjs.org/@capacitor/core/-/core-5.7.0.tgz",
      "integrity": "sha512-b8AnbFfOc7xiN6BDPVjNMMD0VtM+D/g/SIc3O5mUGM8w11VXk/Frqg4JDYwkVkVQpmBq+7FyV4DR5h0tM1PYpQ==",
      "requires": {
        "tslib": "^2.1.0"
      }
    },
    "@capacitor/filesystem": {
      "version": "5.1.6",
      "resolved": "https://registry.npmjs.org/@capacitor/filesystem/-/filesystem-5.1.6.tgz",
      "integrity": "sha512-xLQSR6VJNLCjN1zZP+rDBId2u4BbAe7PQXyKc/AuAY1p14Hryf6xWnC+hAK/F3jZ2C0hHOlPEPb5oY6QfE8kEw=="
    },
    "@capacitor/network": {
      "version": "5.1.6",
      "resolved": "https://registry.npmjs.org/@capacitor/network/-/network-5.1.6.tgz",
      "integrity": "sha512-C9XhHwBALIZy0F4B8XoJaQduER7ID5w0Y0pW7P18zIrYtmJI6j6naGAHT1sc8PJ/RGFDzyp2OvL0crdCAQr1fw=="
    }
  }
}
